
Microsoft Visual Studio Solution File, Format Version 12.00
# Visual Studio Version 17
VisualStudioVersion = 17.4.33403.182
MinimumVisualStudioVersion = 10.0.40219.1
Project("{FAE04EC0-301F-11D3-BF4B-00C04F79EFBC}") = "001_HelloWorld", "001_HelloWorld\001_HelloWorld.csproj", "{8DC9B35B-6643-468E-93BE-9FA247EE83AC}"
EndProject
Project("{FAE04EC0-301F-11D3-BF4B-00C04F79EFBC}") = "002_Helloworld2", "002_Helloworld2\002_Helloworld2.csproj", "{6C00FFE3-A46F-4AD9-8375-299B7AE486DC}"
EndProject
Project("{FAE04EC0-301F-11D3-BF4B-00C04F79EFBC}") = "003_HelloWorld3", "003_HelloWorld3\003_HelloWorld3.csproj", "{170EFA52-DC7A-4501-A403-BD17367C2A92}"
EndProject
Project("{FAE04EC0-301F-11D3-BF4B-00C04F79EFBC}") = "004_Check", "004_Check\004_Check.csproj", "{A0833C18-D035-41DC-9F0E-6E2C0FACAA56}"
EndProject
Project("{FAE04EC0-301F-11D3-BF4B-00C04F79EFBC}") = "005_Check", "005_Check\005_Check.csproj", "{AA801A69-4130-4146-B4DB-42835E3C9FA6}"
EndProject
Project("{FAE04EC0-301F-11D3-BF4B-00C04F79EFBC}") = "006_Variable", "006_Variable\006_Variable.csproj", "{06E43D51-914F-4896-A552-4AFEF1EC6ED9}"
EndProject
Project("{FAE04EC0-301F-11D3-BF4B-00C04F79EFBC}") = "007_Variable2", "007_Variable2\007_Variable2.csproj", "{A5C56239-9ED7-460F-A902-FB0D8412B787}"
EndProject
Project("{FAE04EC0-301F-11D3-BF4B-00C04F79EFBC}") = "008_Data1", "008_Data1\008_Data1.csproj", "{B048EEEB-E001-4B3F-B907-7B1D8BDEB1B0}"
EndProject
Project("{FAE04EC0-301F-11D3-BF4B-00C04F79EFBC}") = "009_Data2", "009_Data2\009_Data2.csproj", "{FBFE7A08-A70D-496B-BF22-80D468A291A7}"
EndProject
Project("{FAE04EC0-301F-11D3-BF4B-00C04F79EFBC}") = "010_Data3", "010_Data3\010_Data3.csproj", "{5B0AB676-3AE4-49B7-BC2E-453C2FCDB8DE}"
EndProject
Project("{FAE04EC0-301F-11D3-BF4B-00C04F79EFBC}") = "011_Data4", "011_Data4\011_Data4.csproj", "{581F78A6-ECE7-48DD-8FDB-01F2D5D48D00}"
EndProject
Project("{FAE04EC0-301F-11D3-BF4B-00C04F79EFBC}") = "012_Data5", "012_Data5\012_Data5.csproj", "{635FDE98-46B8-4B9B-A0DD-8292D11B6336}"
EndProject
Project("{FAE04EC0-301F-11D3-BF4B-00C04F79EFBC}") = "013_Data6", "013_Data6\013_Data6.csproj", "{770D65E0-C130-436D-9764-D79460C7D532}"
EndProject
Project("{FAE04EC0-301F-11D3-BF4B-00C04F79EFBC}") = "014_Data7", "014_Data7\014_Data7.csproj", "{1777BAF1-475B-4670-A457-BC01227CFE5F}"
EndProject
Project("{FAE04EC0-301F-11D3-BF4B-00C04F79EFBC}") = "015_Data8", "015_Data8\015_Data8.csproj", "{B54073B5-0701-4246-8A28-A51AB7DACCFF}"
EndProject
Project("{FAE04EC0-301F-11D3-BF4B-00C04F79EFBC}") = "016_String", "016_String\016_String.csproj", "{84962AFB-705B-4372-B3A2-61B95D1BF3BF}"
EndProject
Project("{FAE04EC0-301F-11D3-BF4B-00C04F79EFBC}") = "017_Data_bool", "017_Data_bool\017_Data_bool.csproj", "{C0AE04E1-63A7-4BAA-81F4-C291851C2571}"
EndProject
Project("{FAE04EC0-301F-11D3-BF4B-00C04F79EFBC}") = "018_Data_object", "018_Data_object\018_Data_object.csproj", "{B8654946-8D7E-4C27-BC4B-30A966E02463}"
EndProject
Project("{FAE04EC0-301F-11D3-BF4B-00C04F79EFBC}") = "019_Data_enum", "019_Data_enum\019_Data_enum.csproj", "{DBE6A4AE-5B1C-4D88-8AD2-83A03BD383D9}"
EndProject
Project("{FAE04EC0-301F-11D3-BF4B-00C04F79EFBC}") = "020_Data_enum2", "020_Data_enum2\020_Data_enum2.csproj", "{F1189238-B9B1-456F-931B-2B93464E4E83}"
EndProject
Project("{FAE04EC0-301F-11D3-BF4B-00C04F79EFBC}") = "021_Data_nullable", "021_Data_nullable\021_Data_nullable.csproj", "{4D9CA9A5-BDE6-4919-8666-43E359EF0A7A}"
EndProject
Project("{FAE04EC0-301F-11D3-BF4B-00C04F79EFBC}") = "022_Data_var", "022_Data_var\022_Data_var.csproj", "{91DF8392-802F-44DB-8FB1-BD43B5FD5E3E}"
EndProject
Project("{FAE04EC0-301F-11D3-BF4B-00C04F79EFBC}") = "023_Data_const", "023_Data_const\023_Data_const.csproj", "{1A930397-2020-477B-BE8B-F04F7CC0882E}"
EndProject
Project("{FAE04EC0-301F-11D3-BF4B-00C04F79EFBC}") = "024_Data_cast", "024_Data_cast\024_Data_cast.csproj", "{C32D3DF1-E040-4D3E-A01C-57D41A74BB69}"
EndProject
Project("{FAE04EC0-301F-11D3-BF4B-00C04F79EFBC}") = "025_Data_ToString", "025_Data_ToString\025_Data_ToString.csproj", "{AF320763-4316-44BA-AEEF-2448368BB22F}"
EndProject
Project("{FAE04EC0-301F-11D3-BF4B-00C04F79EFBC}") = "026_Data_Parse", "026_Data_Parse\026_Data_Parse.csproj", "{74FF73E0-F712-426D-8D07-6893A78E0BD3}"
EndProject
Project("{FAE04EC0-301F-11D3-BF4B-00C04F79EFBC}") = "027_Data_Convert", "027_Data_Convert\027_Data_Convert.csproj", "{1A07CEF9-ACA8-421E-8D57-66912E32B0B4}"
EndProject
Project("{FAE04EC0-301F-11D3-BF4B-00C04F79EFBC}") = "028_Data_Reference", "028_Data_Reference\028_Data_Reference.csproj", "{9EDE33DE-1EFB-443B-96D4-76FD46DCAF06}"
EndProject
Project("{FAE04EC0-301F-11D3-BF4B-00C04F79EFBC}") = "029_Data_boxing", "029_Data_boxing\029_Data_boxing.csproj", "{F52C0F47-0230-4659-808A-23E46E54BF4E}"
EndProject
Global
	GlobalSection(SolutionConfigurationPlatforms) = preSolution
		Debug|Any CPU = Debug|Any CPU
		Release|Any CPU = Release|Any CPU
	EndGlobalSection
	GlobalSection(ProjectConfigurationPlatforms) = postSolution
		{8DC9B35B-6643-468E-93BE-9FA247EE83AC}.Debug|Any CPU.ActiveCfg = Debug|Any CPU
		{8DC9B35B-6643-468E-93BE-9FA247EE83AC}.Debug|Any CPU.Build.0 = Debug|Any CPU
		{8DC9B35B-6643-468E-93BE-9FA247EE83AC}.Release|Any CPU.ActiveCfg = Release|Any CPU
		{8DC9B35B-6643-468E-93BE-9FA247EE83AC}.Release|Any CPU.Build.0 = Release|Any CPU
		{6C00FFE3-A46F-4AD9-8375-299B7AE486DC}.Debug|Any CPU.ActiveCfg = Debug|Any CPU
		{6C00FFE3-A46F-4AD9-8375-299B7AE486DC}.Debug|Any CPU.Build.0 = Debug|Any CPU
		{6C00FFE3-A46F-4AD9-8375-299B7AE486DC}.Release|Any CPU.ActiveCfg = Release|Any CPU
		{6C00FFE3-A46F-4AD9-8375-299B7AE486DC}.Release|Any CPU.Build.0 = Release|Any CPU
		{170EFA52-DC7A-4501-A403-BD17367C2A92}.Debug|Any CPU.ActiveCfg = Debug|Any CPU
		{170EFA52-DC7A-4501-A403-BD17367C2A92}.Debug|Any CPU.Build.0 = Debug|Any CPU
		{170EFA52-DC7A-4501-A403-BD17367C2A92}.Release|Any CPU.ActiveCfg = Release|Any CPU
		{170EFA52-DC7A-4501-A403-BD17367C2A92}.Release|Any CPU.Build.0 = Release|Any CPU
		{A0833C18-D035-41DC-9F0E-6E2C0FACAA56}.Debug|Any CPU.ActiveCfg = Debug|Any CPU
		{A0833C18-D035-41DC-9F0E-6E2C0FACAA56}.Debug|Any CPU.Build.0 = Debug|Any CPU
		{A0833C18-D035-41DC-9F0E-6E2C0FACAA56}.Release|Any CPU.ActiveCfg = Release|Any CPU
		{A0833C18-D035-41DC-9F0E-6E2C0FACAA56}.Release|Any CPU.Build.0 = Release|Any CPU
		{AA801A69-4130-4146-B4DB-42835E3C9FA6}.Debug|Any CPU.ActiveCfg = Debug|Any CPU
		{AA801A69-4130-4146-B4DB-42835E3C9FA6}.Debug|Any CPU.Build.0 = Debug|Any CPU
		{AA801A69-4130-4146-B4DB-42835E3C9FA6}.Release|Any CPU.ActiveCfg = Release|Any CPU
		{AA801A69-4130-4146-B4DB-42835E3C9FA6}.Release|Any CPU.Build.0 = Release|Any CPU
		{06E43D51-914F-4896-A552-4AFEF1EC6ED9}.Debug|Any CPU.ActiveCfg = Debug|Any CPU
		{06E43D51-914F-4896-A552-4AFEF1EC6ED9}.Debug|Any CPU.Build.0 = Debug|Any CPU
		{06E43D51-914F-4896-A552-4AFEF1EC6ED9}.Release|Any CPU.ActiveCfg = Release|Any CPU
		{06E43D51-914F-4896-A552-4AFEF1EC6ED9}.Release|Any CPU.Build.0 = Release|Any CPU
		{A5C56239-9ED7-460F-A902-FB0D8412B787}.Debug|Any CPU.ActiveCfg = Debug|Any CPU
		{A5C56239-9ED7-460F-A902-FB0D8412B787}.Debug|Any CPU.Build.0 = Debug|Any CPU
		{A5C56239-9ED7-460F-A902-FB0D8412B787}.Release|Any CPU.ActiveCfg = Release|Any CPU
		{A5C56239-9ED7-460F-A902-FB0D8412B787}.Release|Any CPU.Build.0 = Release|Any CPU
		{B048EEEB-E001-4B3F-B907-7B1D8BDEB1B0}.Debug|Any CPU.ActiveCfg = Debug|Any CPU
		{B048EEEB-E001-4B3F-B907-7B1D8BDEB1B0}.Debug|Any CPU.Build.0 = Debug|Any CPU
		{B048EEEB-E001-4B3F-B907-7B1D8BDEB1B0}.Release|Any CPU.ActiveCfg = Release|Any CPU
		{B048EEEB-E001-4B3F-B907-7B1D8BDEB1B0}.Release|Any CPU.Build.0 = Release|Any CPU
		{FBFE7A08-A70D-496B-BF22-80D468A291A7}.Debug|Any CPU.ActiveCfg = Debug|Any CPU
		{FBFE7A08-A70D-496B-BF22-80D468A291A7}.Debug|Any CPU.Build.0 = Debug|Any CPU
		{FBFE7A08-A70D-496B-BF22-80D468A291A7}.Release|Any CPU.ActiveCfg = Release|Any CPU
		{FBFE7A08-A70D-496B-BF22-80D468A291A7}.Release|Any CPU.Build.0 = Release|Any CPU
		{5B0AB676-3AE4-49B7-BC2E-453C2FCDB8DE}.Debug|Any CPU.ActiveCfg = Debug|Any CPU
		{5B0AB676-3AE4-49B7-BC2E-453C2FCDB8DE}.Debug|Any CPU.Build.0 = Debug|Any CPU
		{5B0AB676-3AE4-49B7-BC2E-453C2FCDB8DE}.Release|Any CPU.ActiveCfg = Release|Any CPU
		{5B0AB676-3AE4-49B7-BC2E-453C2FCDB8DE}.Release|Any CPU.Build.0 = Release|Any CPU
		{581F78A6-ECE7-48DD-8FDB-01F2D5D48D00}.Debug|Any CPU.ActiveCfg = Debug|Any CPU
		{581F78A6-ECE7-48DD-8FDB-01F2D5D48D00}.Debug|Any CPU.Build.0 = Debug|Any CPU
		{581F78A6-ECE7-48DD-8FDB-01F2D5D48D00}.Release|Any CPU.ActiveCfg = Release|Any CPU
		{581F78A6-ECE7-48DD-8FDB-01F2D5D48D00}.Release|Any CPU.Build.0 = Release|Any CPU
		{635FDE98-46B8-4B9B-A0DD-8292D11B6336}.Debug|Any CPU.ActiveCfg = Debug|Any CPU
		{635FDE98-46B8-4B9B-A0DD-8292D11B6336}.Debug|Any CPU.Build.0 = Debug|Any CPU
		{635FDE98-46B8-4B9B-A0DD-8292D11B6336}.Release|Any CPU.ActiveCfg = Release|Any CPU
		{635FDE98-46B8-4B9B-A0DD-8292D11B6336}.Release|Any CPU.Build.0 = Release|Any CPU
		{770D65E0-C130-436D-9764-D79460C7D532}.Debug|Any CPU.ActiveCfg = Debug|Any CPU
		{770D65E0-C130-436D-9764-D79460C7D532}.Debug|Any CPU.Build.0 = Debug|Any CPU
		{770D65E0-C130-436D-9764-D79460C7D532}.Release|Any CPU.ActiveCfg = Release|Any CPU
		{770D65E0-C130-436D-9764-D79460C7D532}.Release|Any CPU.Build.0 = Release|Any CPU
		{1777BAF1-475B-4670-A457-BC01227CFE5F}.Debug|Any CPU.ActiveCfg = Debug|Any CPU
		{1777BAF1-475B-4670-A457-BC01227CFE5F}.Debug|Any CPU.Build.0 = Debug|Any CPU
		{1777BAF1-475B-4670-A457-BC01227CFE5F}.Release|Any CPU.ActiveCfg = Release|Any CPU
		{1777BAF1-475B-4670-A457-BC01227CFE5F}.Release|Any CPU.Build.0 = Release|Any CPU
		{B54073B5-0701-4246-8A28-A51AB7DACCFF}.Debug|Any CPU.ActiveCfg = Debug|Any CPU
		{B54073B5-0701-4246-8A28-A51AB7DACCFF}.Debug|Any CPU.Build.0 = Debug|Any CPU
		{B54073B5-0701-4246-8A28-A51AB7DACCFF}.Release|Any CPU.ActiveCfg = Release|Any CPU
		{B54073B5-0701-4246-8A28-A51AB7DACCFF}.Release|Any CPU.Build.0 = Release|Any CPU
		{84962AFB-705B-4372-B3A2-61B95D1BF3BF}.Debug|Any CPU.ActiveCfg = Debug|Any CPU
		{84962AFB-705B-4372-B3A2-61B95D1BF3BF}.Debug|Any CPU.Build.0 = Debug|Any CPU
		{84962AFB-705B-4372-B3A2-61B95D1BF3BF}.Release|Any CPU.ActiveCfg = Release|Any CPU
		{84962AFB-705B-4372-B3A2-61B95D1BF3BF}.Release|Any CPU.Build.0 = Release|Any CPU
		{C0AE04E1-63A7-4BAA-81F4-C291851C2571}.Debug|Any CPU.ActiveCfg = Debug|Any CPU
		{C0AE04E1-63A7-4BAA-81F4-C291851C2571}.Debug|Any CPU.Build.0 = Debug|Any CPU
		{C0AE04E1-63A7-4BAA-81F4-C291851C2571}.Release|Any CPU.ActiveCfg = Release|Any CPU
		{C0AE04E1-63A7-4BAA-81F4-C291851C2571}.Release|Any CPU.Build.0 = Release|Any CPU
		{B8654946-8D7E-4C27-BC4B-30A966E02463}.Debug|Any CPU.ActiveCfg = Debug|Any CPU
		{B8654946-8D7E-4C27-BC4B-30A966E02463}.Debug|Any CPU.Build.0 = Debug|Any CPU
		{B8654946-8D7E-4C27-BC4B-30A966E02463}.Release|Any CPU.ActiveCfg = Release|Any CPU
		{B8654946-8D7E-4C27-BC4B-30A966E02463}.Release|Any CPU.Build.0 = Release|Any CPU
		{DBE6A4AE-5B1C-4D88-8AD2-83A03BD383D9}.Debug|Any CPU.ActiveCfg = Debug|Any CPU
		{DBE6A4AE-5B1C-4D88-8AD2-83A03BD383D9}.Debug|Any CPU.Build.0 = Debug|Any CPU
		{DBE6A4AE-5B1C-4D88-8AD2-83A03BD383D9}.Release|Any CPU.ActiveCfg = Release|Any CPU
		{DBE6A4AE-5B1C-4D88-8AD2-83A03BD383D9}.Release|Any CPU.Build.0 = Release|Any CPU
		{F1189238-B9B1-456F-931B-2B93464E4E83}.Debug|Any CPU.ActiveCfg = Debug|Any CPU
		{F1189238-B9B1-456F-931B-2B93464E4E83}.Debug|Any CPU.Build.0 = Debug|Any CPU
		{F1189238-B9B1-456F-931B-2B93464E4E83}.Release|Any CPU.ActiveCfg = Release|Any CPU
		{F1189238-B9B1-456F-931B-2B93464E4E83}.Release|Any CPU.Build.0 = Release|Any CPU
		{4D9CA9A5-BDE6-4919-8666-43E359EF0A7A}.Debug|Any CPU.ActiveCfg = Debug|Any CPU
		{4D9CA9A5-BDE6-4919-8666-43E359EF0A7A}.Debug|Any CPU.Build.0 = Debug|Any CPU
		{4D9CA9A5-BDE6-4919-8666-43E359EF0A7A}.Release|Any CPU.ActiveCfg = Release|Any CPU
		{4D9CA9A5-BDE6-4919-8666-43E359EF0A7A}.Release|Any CPU.Build.0 = Release|Any CPU
		{91DF8392-802F-44DB-8FB1-BD43B5FD5E3E}.Debug|Any CPU.ActiveCfg = Debug|Any CPU
		{91DF8392-802F-44DB-8FB1-BD43B5FD5E3E}.Debug|Any CPU.Build.0 = Debug|Any CPU
		{91DF8392-802F-44DB-8FB1-BD43B5FD5E3E}.Release|Any CPU.ActiveCfg = Release|Any CPU
		{91DF8392-802F-44DB-8FB1-BD43B5FD5E3E}.Release|Any CPU.Build.0 = Release|Any CPU
		{1A930397-2020-477B-BE8B-F04F7CC0882E}.Debug|Any CPU.ActiveCfg = Debug|Any CPU
		{1A930397-2020-477B-BE8B-F04F7CC0882E}.Debug|Any CPU.Build.0 = Debug|Any CPU
		{1A930397-2020-477B-BE8B-F04F7CC0882E}.Release|Any CPU.ActiveCfg = Release|Any CPU
		{1A930397-2020-477B-BE8B-F04F7CC0882E}.Release|Any CPU.Build.0 = Release|Any CPU
		{C32D3DF1-E040-4D3E-A01C-57D41A74BB69}.Debug|Any CPU.ActiveCfg = Debug|Any CPU
		{C32D3DF1-E040-4D3E-A01C-57D41A74BB69}.Debug|Any CPU.Build.0 = Debug|Any CPU
		{C32D3DF1-E040-4D3E-A01C-57D41A74BB69}.Release|Any CPU.ActiveCfg = Release|Any CPU
		{C32D3DF1-E040-4D3E-A01C-57D41A74BB69}.Release|Any CPU.Build.0 = Release|Any CPU
		{AF320763-4316-44BA-AEEF-2448368BB22F}.Debug|Any CPU.ActiveCfg = Debug|Any CPU
		{AF320763-4316-44BA-AEEF-2448368BB22F}.Debug|Any CPU.Build.0 = Debug|Any CPU
		{AF320763-4316-44BA-AEEF-2448368BB22F}.Release|Any CPU.ActiveCfg = Release|Any CPU
		{AF320763-4316-44BA-AEEF-2448368BB22F}.Release|Any CPU.Build.0 = Release|Any CPU
		{74FF73E0-F712-426D-8D07-6893A78E0BD3}.Debug|Any CPU.ActiveCfg = Debug|Any CPU
		{74FF73E0-F712-426D-8D07-6893A78E0BD3}.Debug|Any CPU.Build.0 = Debug|Any CPU
		{74FF73E0-F712-426D-8D07-6893A78E0BD3}.Release|Any CPU.ActiveCfg = Release|Any CPU
		{74FF73E0-F712-426D-8D07-6893A78E0BD3}.Release|Any CPU.Build.0 = Release|Any CPU
		{1A07CEF9-ACA8-421E-8D57-66912E32B0B4}.Debug|Any CPU.ActiveCfg = Debug|Any CPU
		{1A07CEF9-ACA8-421E-8D57-66912E32B0B4}.Debug|Any CPU.Build.0 = Debug|Any CPU
		{1A07CEF9-ACA8-421E-8D57-66912E32B0B4}.Release|Any CPU.ActiveCfg = Release|Any CPU
		{1A07CEF9-ACA8-421E-8D57-66912E32B0B4}.Release|Any CPU.Build.0 = Release|Any CPU
		{9EDE33DE-1EFB-443B-96D4-76FD46DCAF06}.Debug|Any CPU.ActiveCfg = Debug|Any CPU
		{9EDE33DE-1EFB-443B-96D4-76FD46DCAF06}.Debug|Any CPU.Build.0 = Debug|Any CPU
		{9EDE33DE-1EFB-443B-96D4-76FD46DCAF06}.Release|Any CPU.ActiveCfg = Release|Any CPU
		{9EDE33DE-1EFB-443B-96D4-76FD46DCAF06}.Release|Any CPU.Build.0 = Release|Any CPU
		{F52C0F47-0230-4659-808A-23E46E54BF4E}.Debug|Any CPU.ActiveCfg = Debug|Any CPU
		{F52C0F47-0230-4659-808A-23E46E54BF4E}.Debug|Any CPU.Build.0 = Debug|Any CPU
		{F52C0F47-0230-4659-808A-23E46E54BF4E}.Release|Any CPU.ActiveCfg = Release|Any CPU
		{F52C0F47-0230-4659-808A-23E46E54BF4E}.Release|Any CPU.Build.0 = Release|Any CPU
	EndGlobalSection
	GlobalSection(SolutionProperties) = preSolution
		HideSolutionNode = FALSE
	EndGlobalSection
	GlobalSection(ExtensibilityGlobals) = postSolution
		SolutionGuid = {CD63BA3B-9FDD-43E9-8F24-2C9235519CDD}
	EndGlobalSection
EndGlobal
